
Microsoft Visual Studio Solution File, Format Version 12.00
# Visual Studio Version 17
VisualStudioVersion = 17.1.32319.34
MinimumVisualStudioVersion = 10.0.40219.1
Project("{9A19103F-16F7-4668-BE54-9A1E7A4F7556}") = "FlowerEShopAPI", "FlowerEShopAPI\FlowerEShopAPI.csproj", "{FA89EADD-7925-4A02-BF34-42CD04011536}"
EndProject
Global
	GlobalSection(SolutionConfigurationPlatforms) = preSolution
		Debug|Any CPU = Debug|Any CPU
		Release|Any CPU = Release|Any CPU
	EndGlobalSection
	GlobalSection(ProjectConfigurationPlatforms) = postSolution
		{FA89EADD-7925-4A02-BF34-42CD04011536}.Debug|Any CPU.ActiveCfg = Debug|Any CPU
		{FA89EADD-7925-4A02-BF34-42CD04011536}.Debug|Any CPU.Build.0 = Debug|Any CPU
		{FA89EADD-7925-4A02-BF34-42CD04011536}.Release|Any CPU.ActiveCfg = Release|Any CPU
		{FA89EADD-7925-4A02-BF34-42CD04011536}.Release|Any CPU.Build.0 = Release|Any CPU
	EndGlobalSection
	GlobalSection(SolutionProperties) = preSolution
		HideSolutionNode = FALSE
	EndGlobalSection
	GlobalSection(ExtensibilityGlobals) = postSolution
		SolutionGuid = {4CB24C00-92CA-4EB6-B983-0DE6CC358237}
	EndGlobalSection
EndGlobal
